{
    "_readme": [
        "This file locks the dependencies of your project to a known state",
        "Read more about it at https://getcomposer.org/doc/01-basic-usage.md#installing-dependencies",
        "This file is @generated automatically"
    ],
    "content-hash": "9afa8a28b38b62ed8ae113ac0eca1d49",
    "packages": [
        {
            "name": "pyrsmk/funktions",
            "version": "0.5.0",
            "source": {
                "type": "git",
                "url": "https://github.com/pyrsmk/Funktions.git",
                "reference": "2ff5657c9abedc54aa6d06fcbdbfddbbda89cb93"
            },
            "dist": {
                "type": "zip",
                "url": "https://api.github.com/repos/pyrsmk/Funktions/zipball/2ff5657c9abedc54aa6d06fcbdbfddbbda89cb93",
                "reference": "2ff5657c9abedc54aa6d06fcbdbfddbbda89cb93",
                "shasum": ""
            },
            "require": {
                "ext-curl": "*",
                "ext-fileinfo": "*",
                "php": ">=7.2.0"
            },
            "type": "library",
            "autoload": {
                "files": [
                    "src/array.php",
                    "src/color.php",
                    "src/system.php"
                ]
            },
            "notification-url": "https://packagist.org/downloads/",
            "license": [
                "MIT"
            ],
            "authors": [
                {
                    "name": "Aurélien Delogu",
                    "email": "dev@dreamysource.fr",
                    "homepage": "https://github.com/pyrsmk/Funktions"
                }
            ],
            "description": "Several useful PHP functions",
            "keywords": [
                "array",
                "color",
                "debug",
                "function",
                "system"
            ],
            "time": "2019-08-14T08:18:47+00:00"
        },
        {
            "name": "pyrsmk/illuminator",
            "version": "3.0.2",
            "source": {
                "type": "git",
                "url": "https://github.com/pyrsmk/Illuminator.git",
                "reference": "894ca29b7e069dd2ccd7ed8d01617f646b9278a3"
            },
            "dist": {
                "type": "zip",
                "url": "https://api.github.com/repos/pyrsmk/Illuminator/zipball/894ca29b7e069dd2ccd7ed8d01617f646b9278a3",
                "reference": "894ca29b7e069dd2ccd7ed8d01617f646b9278a3",
                "shasum": ""
            },
            "require": {
                "php": ">=7.2.0"
            },
            "type": "library",
            "autoload": {
                "psr-4": {
                    "Illuminator\\": "src/"
                }
            },
            "notification-url": "https://packagist.org/downloads/",
            "license": [
                "MIT"
            ],
            "authors": [
                {
                    "name": "Aurélien Delogu",
                    "email": "dev@dreamysource.fr",
                    "homepage": "https://github.com/pyrsmk/Illuminator"
                }
            ],
            "description": "Simple chronometers",
            "keywords": [
                "chrono",
                "chronometer",
                "stopwatch",
                "time",
                "timer"
            ],
            "time": "2019-08-13T15:27:25+00:00"
        }
    ],
    "packages-dev": [],
    "aliases": [],
    "minimum-stability": "stable",
    "stability-flags": [],
    "prefer-stable": false,
    "prefer-lowest": false,
    "platform": {
        "php": ">=7.2.0"
    },
    "platform-dev": []
}
